
Microsoft Visual Studio Solution File, Format Version 12.00
# Visual Studio Version 17
VisualStudioVersion = 17.5.33530.505
MinimumVisualStudioVersion = 10.0.40219.1
Project("{FAE04EC0-301F-11D3-BF4B-00C04F79EFBC}") = "WebAppForLearning", "WebAppForLearning\WebAppForLearning.csproj", "{BDBDF793-23CB-4B3F-BC37-B7AACF5BC8BB}"
EndProject
Global
	GlobalSection(SolutionConfigurationPlatforms) = preSolution
		Debug|Any CPU = Debug|Any CPU
		Release|Any CPU = Release|Any CPU
	EndGlobalSection
	GlobalSection(ProjectConfigurationPlatforms) = postSolution
		{BDBDF793-23CB-4B3F-BC37-B7AACF5BC8BB}.Debug|Any CPU.ActiveCfg = Debug|Any CPU
		{BDBDF793-23CB-4B3F-BC37-B7AACF5BC8BB}.Debug|Any CPU.Build.0 = Debug|Any CPU
		{BDBDF793-23CB-4B3F-BC37-B7AACF5BC8BB}.Release|Any CPU.ActiveCfg = Release|Any CPU
		{BDBDF793-23CB-4B3F-BC37-B7AACF5BC8BB}.Release|Any CPU.Build.0 = Release|Any CPU
	EndGlobalSection
	GlobalSection(SolutionProperties) = preSolution
		HideSolutionNode = FALSE
	EndGlobalSection
	GlobalSection(ExtensibilityGlobals) = postSolution
		SolutionGuid = {A8C2434C-5C1D-469A-B90B-015C10B8FFAB}
	EndGlobalSection
EndGlobal
